
Microsoft Visual Studio Solution File, Format Version 12.00
# Visual Studio 15
VisualStudioVersion = 15.0.28010.2036
MinimumVisualStudioVersion = 10.0.40219.1
Project("{FAE04EC0-301F-11D3-BF4B-00C04F79EFBC}") = "HouseInWpf3D", "HouseInWpf3D\HouseInWpf3D.csproj", "{4445CF55-A1A1-48E1-8CFB-1DCAED4B3F18}"
EndProject
Global
	GlobalSection(SolutionConfigurationPlatforms) = preSolution
		Debug|Any CPU = Debug|Any CPU
		Release|Any CPU = Release|Any CPU
	EndGlobalSection
	GlobalSection(ProjectConfigurationPlatforms) = postSolution
		{4445CF55-A1A1-48E1-8CFB-1DCAED4B3F18}.Debug|Any CPU.ActiveCfg = Debug|Any CPU
		{4445CF55-A1A1-48E1-8CFB-1DCAED4B3F18}.Debug|Any CPU.Build.0 = Debug|Any CPU
		{4445CF55-A1A1-48E1-8CFB-1DCAED4B3F18}.Release|Any CPU.ActiveCfg = Release|Any CPU
		{4445CF55-A1A1-48E1-8CFB-1DCAED4B3F18}.Release|Any CPU.Build.0 = Release|Any CPU
	EndGlobalSection
	GlobalSection(SolutionProperties) = preSolution
		HideSolutionNode = FALSE
	EndGlobalSection
	GlobalSection(ExtensibilityGlobals) = postSolution
		SolutionGuid = {B4F54BE5-F69C-4ECF-8D45-497C4CDDDA38}
	EndGlobalSection
EndGlobal
